// !$*UTF8*$!
{
	archiveVersion = 1;
	classes = {
	};
	objectVersion = 45;
	objects = {

/* Begin PBXBuildFile section */
		1D3623260D0F684500981E51 /* BottleAppDelegate.m in Sources */ = {isa = PBXBuildFile; fileRef = 1D3623250D0F684500981E51 /* BottleAppDelegate.m */; };
		1D60589B0D05DD56006BFB54 /* main.m in Sources */ = {isa = PBXBuildFile; fileRef = 29B97316FDCFA39411CA2CEA /* main.m */; };
		1D60589F0D05DD5A006BFB54 /* Foundation.framework in Frameworks */ = {isa = PBXBuildFile; fileRef = 1D30AB110D05D00D00671497 /* Foundation.framework */; };
		1DF5F4E00D08C38300B7A737 /* UIKit.framework in Frameworks */ = {isa = PBXBuildFile; fileRef = 1DF5F4DF0D08C38300B7A737 /* UIKit.framework */; };
		288765FD0DF74451002DB57D /* CoreGraphics.framework in Frameworks */ = {isa = PBXBuildFile; fileRef = 288765FC0DF74451002DB57D /* CoreGraphics.framework */; };
		28AD733F0D9D9553002E5188 /* MainWindow.xib in Resources */ = {isa = PBXBuildFile; fileRef = 28AD733E0D9D9553002E5188 /* MainWindow.xib */; };
		544A7D5110C6AD6800ADE6FB /* BecomeClientCommand.m in Sources */ = {isa = PBXBuildFile; fileRef = 544A7D4F10C6AD6800ADE6FB /* BecomeClientCommand.m */; };
		544A7D6C10C6AFC700ADE6FB /* StatusCommand.m in Sources */ = {isa = PBXBuildFile; fileRef = 544A7D6A10C6AFC700ADE6FB /* StatusCommand.m */; };
		548E0F7B106CF01900D459F5 /* PlayViewController.m in Sources */ = {isa = PBXBuildFile; fileRef = 548E0F7A106CF01900D459F5 /* PlayViewController.m */; };
		548E0FB1106CFCC400D459F5 /* AudioToolbox.framework in Frameworks */ = {isa = PBXBuildFile; fileRef = 548E0FB0106CFCC400D459F5 /* AudioToolbox.framework */; };
		548E0FB8106CFDE800D459F5 /* SCListener.m in Sources */ = {isa = PBXBuildFile; fileRef = 548E0FB7106CFDE800D459F5 /* SCListener.m */; };
		548E102F106D1D3B00D459F5 /* AVFoundation.framework in Frameworks */ = {isa = PBXBuildFile; fileRef = 548E102E106D1D3B00D459F5 /* AVFoundation.framework */; };
		548E1099106D2DE900D459F5 /* bottle_loop.aif in Resources */ = {isa = PBXBuildFile; fileRef = 548E1098106D2DE900D459F5 /* bottle_loop.aif */; };
		548E11B8106DAA9E00D459F5 /* bottle1.png in Resources */ = {isa = PBXBuildFile; fileRef = 548E11AE106DAA9E00D459F5 /* bottle1.png */; };
		548E11B9106DAA9E00D459F5 /* bottle2.png in Resources */ = {isa = PBXBuildFile; fileRef = 548E11AF106DAA9E00D459F5 /* bottle2.png */; };
		548E11BA106DAA9E00D459F5 /* bottle3.png in Resources */ = {isa = PBXBuildFile; fileRef = 548E11B0106DAA9E00D459F5 /* bottle3.png */; };
		548E11BB106DAA9E00D459F5 /* bottle4.png in Resources */ = {isa = PBXBuildFile; fileRef = 548E11B1106DAA9E00D459F5 /* bottle4.png */; };
		548E11BC106DAA9E00D459F5 /* bottle5.png in Resources */ = {isa = PBXBuildFile; fileRef = 548E11B2106DAA9E00D459F5 /* bottle5.png */; };
		548E11BD106DAA9E00D459F5 /* bottle6.png in Resources */ = {isa = PBXBuildFile; fileRef = 548E11B3106DAA9E00D459F5 /* bottle6.png */; };
		548E11BE106DAA9E00D459F5 /* bottle7.png in Resources */ = {isa = PBXBuildFile; fileRef = 548E11B4106DAA9E00D459F5 /* bottle7.png */; };
		548E11BF106DAA9E00D459F5 /* bottle8.png in Resources */ = {isa = PBXBuildFile; fileRef = 548E11B5106DAA9E00D459F5 /* bottle8.png */; };
		548E11C0106DAA9E00D459F5 /* bottle9.png in Resources */ = {isa = PBXBuildFile; fileRef = 548E11B6106DAA9E00D459F5 /* bottle9.png */; };
		548E11C1106DAA9E00D459F5 /* bottle10.png in Resources */ = {isa = PBXBuildFile; fileRef = 548E11B7106DAA9E00D459F5 /* bottle10.png */; };
		548E11CA106DAAB900D459F5 /* filling1.png in Resources */ = {isa = PBXBuildFile; fileRef = 548E11C2106DAAB900D459F5 /* filling1.png */; };
		548E11CB106DAAB900D459F5 /* filling2.png in Resources */ = {isa = PBXBuildFile; fileRef = 548E11C3106DAAB900D459F5 /* filling2.png */; };
		548E11CC106DAAB900D459F5 /* filling3.png in Resources */ = {isa = PBXBuildFile; fileRef = 548E11C4106DAAB900D459F5 /* filling3.png */; };
		548E11CD106DAAB900D459F5 /* filling4.png in Resources */ = {isa = PBXBuildFile; fileRef = 548E11C5106DAAB900D459F5 /* filling4.png */; };
		548E11CE106DAAB900D459F5 /* filling5.png in Resources */ = {isa = PBXBuildFile; fileRef = 548E11C6106DAAB900D459F5 /* filling5.png */; };
		548E11CF106DAAB900D459F5 /* filling6.png in Resources */ = {isa = PBXBuildFile; fileRef = 548E11C7106DAAB900D459F5 /* filling6.png */; };
		548E11D0106DAAB900D459F5 /* filling7.png in Resources */ = {isa = PBXBuildFile; fileRef = 548E11C8106DAAB900D459F5 /* filling7.png */; };
		548E11D1106DAAB900D459F5 /* filling8.png in Resources */ = {isa = PBXBuildFile; fileRef = 548E11C9106DAAB900D459F5 /* filling8.png */; };
		548E126E106DD81100D459F5 /* a5.aif in Resources */ = {isa = PBXBuildFile; fileRef = 548E1266106DD81100D459F5 /* a5.aif */; };
		548E126F106DD81100D459F5 /* b5.aif in Resources */ = {isa = PBXBuildFile; fileRef = 548E1267106DD81100D459F5 /* b5.aif */; };
		548E1270106DD81100D459F5 /* c4.aif in Resources */ = {isa = PBXBuildFile; fileRef = 548E1268106DD81100D459F5 /* c4.aif */; };
		548E1271106DD81100D459F5 /* c5.aif in Resources */ = {isa = PBXBuildFile; fileRef = 548E1269106DD81100D459F5 /* c5.aif */; };
		548E1272106DD81100D459F5 /* d4.aif in Resources */ = {isa = PBXBuildFile; fileRef = 548E126A106DD81100D459F5 /* d4.aif */; };
		548E1273106DD81100D459F5 /* e4.aif in Resources */ = {isa = PBXBuildFile; fileRef = 548E126B106DD81100D459F5 /* e4.aif */; };
		548E1274106DD81100D459F5 /* f4.aif in Resources */ = {isa = PBXBuildFile; fileRef = 548E126C106DD81100D459F5 /* f4.aif */; };
		548E1275106DD81100D459F5 /* g4.aif in Resources */ = {isa = PBXBuildFile; fileRef = 548E126D106DD81100D459F5 /* g4.aif */; };
		548E12DB106DFC8000D459F5 /* a4.aif in Resources */ = {isa = PBXBuildFile; fileRef = 548E12D3106DFC8000D459F5 /* a4.aif */; };
		548E12DC106DFC8000D459F5 /* b3.aif in Resources */ = {isa = PBXBuildFile; fileRef = 548E12D4106DFC8000D459F5 /* b3.aif */; };
		548E12DD106DFC8000D459F5 /* b4.aif in Resources */ = {isa = PBXBuildFile; fileRef = 548E12D5106DFC8000D459F5 /* b4.aif */; };
		548E12DE106DFC8000D459F5 /* c3.aif in Resources */ = {isa = PBXBuildFile; fileRef = 548E12D6106DFC8000D459F5 /* c3.aif */; };
		548E12DF106DFC8000D459F5 /* d3.aif in Resources */ = {isa = PBXBuildFile; fileRef = 548E12D7106DFC8000D459F5 /* d3.aif */; };
		548E12E0106DFC8000D459F5 /* e3.aif in Resources */ = {isa = PBXBuildFile; fileRef = 548E12D8106DFC8000D459F5 /* e3.aif */; };
		548E12E1106DFC8000D459F5 /* f3.aif in Resources */ = {isa = PBXBuildFile; fileRef = 548E12D9106DFC8000D459F5 /* f3.aif */; };
		548E12E2106DFC8000D459F5 /* g3.aif in Resources */ = {isa = PBXBuildFile; fileRef = 548E12DA106DFC8000D459F5 /* g3.aif */; };
		B2069CCB10C5476E00F5FAAE /* Icon.png in Resources */ = {isa = PBXBuildFile; fileRef = B2069CCA10C5476E00F5FAAE /* Icon.png */; };
		B2069CD210C548EA00F5FAAE /* Default.png in Resources */ = {isa = PBXBuildFile; fileRef = B2069CD110C548EA00F5FAAE /* Default.png */; };
		B290CB08106CEBEB0065649E /* StartOrJoinViewController.m in Sources */ = {isa = PBXBuildFile; fileRef = B290CB07106CEBEB0065649E /* StartOrJoinViewController.m */; };
		B290CB67106CF0300065649E /* ConductorFactory.m in Sources */ = {isa = PBXBuildFile; fileRef = B290CB66106CF0300065649E /* ConductorFactory.m */; };
		B290CBAB106CF1D80065649E /* ServerConductor.m in Sources */ = {isa = PBXBuildFile; fileRef = B290CBAA106CF1D80065649E /* ServerConductor.m */; };
		B290CBAE106CF1DF0065649E /* ClientConductor.m in Sources */ = {isa = PBXBuildFile; fileRef = B290CBAD106CF1DF0065649E /* ClientConductor.m */; };
		B290CBEF106CF5970065649E /* GameKit.framework in Frameworks */ = {isa = PBXBuildFile; fileRef = B290CBEE106CF5970065649E /* GameKit.framework */; };
		B290CE04106D0D5D0065649E /* LobbyViewController.m in Sources */ = {isa = PBXBuildFile; fileRef = B290CE03106D0D5D0065649E /* LobbyViewController.m */; };
		B290CEAC106D18630065649E /* Song.m in Sources */ = {isa = PBXBuildFile; fileRef = B290CEAB106D18630065649E /* Song.m */; };
		B290CEB3106D19A40065649E /* Note.m in Sources */ = {isa = PBXBuildFile; fileRef = B290CEB2106D19A40065649E /* Note.m */; };
		B290D08B106D56CA0065649E /* Jingle Bells.btl in Resources */ = {isa = PBXBuildFile; fileRef = B290D08A106D56CA0065649E /* Jingle Bells.btl */; };
		B290D1A7106D618B0065649E /* PracticeConductor.m in Sources */ = {isa = PBXBuildFile; fileRef = B290D1A6106D618B0065649E /* PracticeConductor.m */; };
		B2BFAC4F106DFC49004CDE5A /* ThreeTone.btl in Resources */ = {isa = PBXBuildFile; fileRef = B2BFAC4E106DFB8E004CDE5A /* ThreeTone.btl */; };
		B2BFACCA106E0774004CDE5A /* UINoteView.m in Sources */ = {isa = PBXBuildFile; fileRef = B2BFACC9106E0774004CDE5A /* UINoteView.m */; };
		B2BFADA9106E15EF004CDE5A /* Doctor Who.btl in Resources */ = {isa = PBXBuildFile; fileRef = B2BFADA8106E15EF004CDE5A /* Doctor Who.btl */; };
		B2BFAE53106E2333004CDE5A /* DoReMi.btl in Resources */ = {isa = PBXBuildFile; fileRef = B2BFAE52106E2333004CDE5A /* DoReMi.btl */; };
		B2C42F99106D7DEC00A0DB86 /* PingCommand.m in Sources */ = {isa = PBXBuildFile; fileRef = B2C42F98106D7DEC00A0DB86 /* PingCommand.m */; };
		B2C42FA3106D7E7C00A0DB86 /* CommandCoder.m in Sources */ = {isa = PBXBuildFile; fileRef = B2C42FA2106D7E7C00A0DB86 /* CommandCoder.m */; };
		B2C430FC106D92A000A0DB86 /* SetSongCommand.m in Sources */ = {isa = PBXBuildFile; fileRef = B2C430FB106D92A000A0DB86 /* SetSongCommand.m */; };
		B2C43381106DB82400A0DB86 /* LobbyUpdateCommand.m in Sources */ = {isa = PBXBuildFile; fileRef = B2C43380106DB82400A0DB86 /* LobbyUpdateCommand.m */; };
		B2C433FA106DC0F600A0DB86 /* TwoTone.btl in Resources */ = {isa = PBXBuildFile; fileRef = B2C433F3106DC08000A0DB86 /* TwoTone.btl */; };
		B2C434BF106DCCF600A0DB86 /* GraphicsOverlayViewController.m in Sources */ = {isa = PBXBuildFile; fileRef = B2C434BE106DCCF600A0DB86 /* GraphicsOverlayViewController.m */; };
		B2C434CF106DCDA300A0DB86 /* GraphicsOverlayCommand.m in Sources */ = {isa = PBXBuildFile; fileRef = B2C434CE106DCDA300A0DB86 /* GraphicsOverlayCommand.m */; };
		B2C43691106DE87D00A0DB86 /* StartPlayCommand.m in Sources */ = {isa = PBXBuildFile; fileRef = B2C43690106DE87D00A0DB86 /* StartPlayCommand.m */; };
/* End PBXBuildFile section */

/* Begin PBXFileReference section */
		1D30AB110D05D00D00671497 /* Foundation.framework */ = {isa = PBXFileReference; lastKnownFileType = wrapper.framework; name = Foundation.framework; path = System/Library/Frameworks/Foundation.framework; sourceTree = SDKROOT; };
		1D3623240D0F684500981E51 /* BottleAppDelegate.h */ = {isa = PBXFileReference; fileEncoding = 4; lastKnownFileType = sourcecode.c.h; path = BottleAppDelegate.h; sourceTree = "<group>"; };
		1D3623250D0F684500981E51 /* BottleAppDelegate.m */ = {isa = PBXFileReference; fileEncoding = 4; lastKnownFileType = sourcecode.c.objc; path = BottleAppDelegate.m; sourceTree = "<group>"; };
		1D6058910D05DD3D006BFB54 /* Bottle.app */ = {isa = PBXFileReference; explicitFileType = wrapper.application; includeInIndex = 0; path = Bottle.app; sourceTree = BUILT_PRODUCTS_DIR; };
		1DF5F4DF0D08C38300B7A737 /* UIKit.framework */ = {isa = PBXFileReference; lastKnownFileType = wrapper.framework; name = UIKit.framework; path = System/Library/Frameworks/UIKit.framework; sourceTree = SDKROOT; };
		288765FC0DF74451002DB57D /* CoreGraphics.framework */ = {isa = PBXFileReference; lastKnownFileType = wrapper.framework; name = CoreGraphics.framework; path = System/Library/Frameworks/CoreGraphics.framework; sourceTree = SDKROOT; };
		28AD733E0D9D9553002E5188 /* MainWindow.xib */ = {isa = PBXFileReference; lastKnownFileType = file.xib; path = MainWindow.xib; sourceTree = "<group>"; };
		29B97316FDCFA39411CA2CEA /* main.m */ = {isa = PBXFileReference; fileEncoding = 4; lastKnownFileType = sourcecode.c.objc; path = main.m; sourceTree = "<group>"; };
		32CA4F630368D1EE00C91783 /* Bottle_Prefix.pch */ = {isa = PBXFileReference; fileEncoding = 4; lastKnownFileType = sourcecode.c.h; path = Bottle_Prefix.pch; sourceTree = "<group>"; };
		544A7D4F10C6AD6800ADE6FB /* BecomeClientCommand.m */ = {isa = PBXFileReference; fileEncoding = 4; lastKnownFileType = sourcecode.c.objc; path = BecomeClientCommand.m; sourceTree = "<group>"; };
		544A7D5010C6AD6800ADE6FB /* BecomeClientCommand.h */ = {isa = PBXFileReference; fileEncoding = 4; lastKnownFileType = sourcecode.c.h; path = BecomeClientCommand.h; sourceTree = "<group>"; };
		544A7D6A10C6AFC700ADE6FB /* StatusCommand.m */ = {isa = PBXFileReference; fileEncoding = 4; lastKnownFileType = sourcecode.c.objc; path = StatusCommand.m; sourceTree = "<group>"; };
		544A7D6B10C6AFC700ADE6FB /* StatusCommand.h */ = {isa = PBXFileReference; fileEncoding = 4; lastKnownFileType = sourcecode.c.h; path = StatusCommand.h; sourceTree = "<group>"; };
		544A7D7310C6B06F00ADE6FB /* Status.h */ = {isa = PBXFileReference; fileEncoding = 4; lastKnownFileType = sourcecode.c.h; path = Status.h; sourceTree = "<group>"; };
		548E0F79106CF01900D459F5 /* PlayViewController.h */ = {isa = PBXFileReference; fileEncoding = 4; lastKnownFileType = sourcecode.c.h; name = PlayViewController.h; path = ../bottle/Classes/Controllers/PlayViewController.h; sourceTree = SOURCE_ROOT; };
		548E0F7A106CF01900D459F5 /* PlayViewController.m */ = {isa = PBXFileReference; fileEncoding = 4; lastKnownFileType = sourcecode.c.objc; name = PlayViewController.m; path = ../bottle/Classes/Controllers/PlayViewController.m; sourceTree = SOURCE_ROOT; };
		548E0FB0106CFCC400D459F5 /* AudioToolbox.framework */ = {isa = PBXFileReference; lastKnownFileType = wrapper.framework; name = AudioToolbox.framework; path = /System/Library/Frameworks/AudioToolbox.framework; sourceTree = "<absolute>"; };
		548E0FB6106CFDE800D459F5 /* SCListener.h */ = {isa = PBXFileReference; fileEncoding = 4; lastKnownFileType = sourcecode.c.h; name = SCListener.h; path = ../bottle/Libraries/SCListener/SCListener.h; sourceTree = SOURCE_ROOT; };
		548E0FB7106CFDE800D459F5 /* SCListener.m */ = {isa = PBXFileReference; fileEncoding = 4; lastKnownFileType = sourcecode.c.objc; name = SCListener.m; path = ../bottle/Libraries/SCListener/SCListener.m; sourceTree = SOURCE_ROOT; };
		548E102E106D1D3B00D459F5 /* AVFoundation.framework */ = {isa = PBXFileReference; lastKnownFileType = wrapper.framework; name = AVFoundation.framework; path = System/Library/Frameworks/AVFoundation.framework; sourceTree = SDKROOT; };
		548E1098106D2DE900D459F5 /* bottle_loop.aif */ = {isa = PBXFileReference; lastKnownFileType = file; name = bottle_loop.aif; path = ../bottle/bottle_loop.aif; sourceTree = SOURCE_ROOT; };
		548E11AE106DAA9E00D459F5 /* bottle1.png */ = {isa = PBXFileReference; lastKnownFileType = image.png; name = bottle1.png; path = ../bottle/Assets/Images/Bottles/bottle1.png; sourceTree = SOURCE_ROOT; };
		548E11AF106DAA9E00D459F5 /* bottle2.png */ = {isa = PBXFileReference; lastKnownFileType = image.png; name = bottle2.png; path = ../bottle/Assets/Images/Bottles/bottle2.png; sourceTree = SOURCE_ROOT; };
		548E11B0106DAA9E00D459F5 /* bottle3.png */ = {isa = PBXFileReference; lastKnownFileType = image.png; name = bottle3.png; path = ../bottle/Assets/Images/Bottles/bottle3.png; sourceTree = SOURCE_ROOT; };
		548E11B1106DAA9E00D459F5 /* bottle4.png */ = {isa = PBXFileReference; lastKnownFileType = image.png; name = bottle4.png; path = ../bottle/Assets/Images/Bottles/bottle4.png; sourceTree = SOURCE_ROOT; };
		548E11B2106DAA9E00D459F5 /* bottle5.png */ = {isa = PBXFileReference; lastKnownFileType = image.png; name = bottle5.png; path = ../bottle/Assets/Images/Bottles/bottle5.png; sourceTree = SOURCE_ROOT; };
		548E11B3106DAA9E00D459F5 /* bottle6.png */ = {isa = PBXFileReference; lastKnownFileType = image.png; name = bottle6.png; path = ../bottle/Assets/Images/Bottles/bottle6.png; sourceTree = SOURCE_ROOT; };
		548E11B4106DAA9E00D459F5 /* bottle7.png */ = {isa = PBXFileReference; lastKnownFileType = image.png; name = bottle7.png; path = ../bottle/Assets/Images/Bottles/bottle7.png; sourceTree = SOURCE_ROOT; };
		548E11B5106DAA9E00D459F5 /* bottle8.png */ = {isa = PBXFileReference; lastKnownFileType = image.png; name = bottle8.png; path = ../bottle/Assets/Images/Bottles/bottle8.png; sourceTree = SOURCE_ROOT; };
		548E11B6106DAA9E00D459F5 /* bottle9.png */ = {isa = PBXFileReference; lastKnownFileType = image.png; name = bottle9.png; path = ../bottle/Assets/Images/Bottles/bottle9.png; sourceTree = SOURCE_ROOT; };
		548E11B7106DAA9E00D459F5 /* bottle10.png */ = {isa = PBXFileReference; lastKnownFileType = image.png; name = bottle10.png; path = ../bottle/Assets/Images/Bottles/bottle10.png; sourceTree = SOURCE_ROOT; };
		548E11C2106DAAB900D459F5 /* filling1.png */ = {isa = PBXFileReference; lastKnownFileType = image.png; name = filling1.png; path = ../bottle/Assets/Images/Fillings/filling1.png; sourceTree = SOURCE_ROOT; };
		548E11C3106DAAB900D459F5 /* filling2.png */ = {isa = PBXFileReference; lastKnownFileType = image.png; name = filling2.png; path = ../bottle/Assets/Images/Fillings/filling2.png; sourceTree = SOURCE_ROOT; };
		548E11C4106DAAB900D459F5 /* filling3.png */ = {isa = PBXFileReference; lastKnownFileType = image.png; name = filling3.png; path = ../bottle/Assets/Images/Fillings/filling3.png; sourceTree = SOURCE_ROOT; };
		548E11C5106DAAB900D459F5 /* filling4.png */ = {isa = PBXFileReference; lastKnownFileType = image.png; name = filling4.png; path = ../bottle/Assets/Images/Fillings/filling4.png; sourceTree = SOURCE_ROOT; };
		548E11C6106DAAB900D459F5 /* filling5.png */ = {isa = PBXFileReference; lastKnownFileType = image.png; name = filling5.png; path = ../bottle/Assets/Images/Fillings/filling5.png; sourceTree = SOURCE_ROOT; };
		548E11C7106DAAB900D459F5 /* filling6.png */ = {isa = PBXFileReference; lastKnownFileType = image.png; name = filling6.png; path = ../bottle/Assets/Images/Fillings/filling6.png; sourceTree = SOURCE_ROOT; };
		548E11C8106DAAB900D459F5 /* filling7.png */ = {isa = PBXFileReference; lastKnownFileType = image.png; name = filling7.png; path = ../bottle/Assets/Images/Fillings/filling7.png; sourceTree = SOURCE_ROOT; };
		548E11C9106DAAB900D459F5 /* filling8.png */ = {isa = PBXFileReference; lastKnownFileType = image.png; name = filling8.png; path = ../bottle/Assets/Images/Fillings/filling8.png; sourceTree = SOURCE_ROOT; };
		548E1266106DD81100D459F5 /* a5.aif */ = {isa = PBXFileReference; lastKnownFileType = file; name = a5.aif; path = ../bottle/Assets/Sounds/a5.aif; sourceTree = SOURCE_ROOT; };
		548E1267106DD81100D459F5 /* b5.aif */ = {isa = PBXFileReference; lastKnownFileType = file; name = b5.aif; path = ../bottle/Assets/Sounds/b5.aif; sourceTree = SOURCE_ROOT; };
		548E1268106DD81100D459F5 /* c4.aif */ = {isa = PBXFileReference; lastKnownFileType = file; name = c4.aif; path = ../bottle/Assets/Sounds/c4.aif; sourceTree = SOURCE_ROOT; };
		548E1269106DD81100D459F5 /* c5.aif */ = {isa = PBXFileReference; lastKnownFileType = file; name = c5.aif; path = ../bottle/Assets/Sounds/c5.aif; sourceTree = SOURCE_ROOT; };
		548E126A106DD81100D459F5 /* d4.aif */ = {isa = PBXFileReference; lastKnownFileType = file; name = d4.aif; path = ../bottle/Assets/Sounds/d4.aif; sourceTree = SOURCE_ROOT; };
		548E126B106DD81100D459F5 /* e4.aif */ = {isa = PBXFileReference; lastKnownFileType = file; name = e4.aif; path = ../bottle/Assets/Sounds/e4.aif; sourceTree = SOURCE_ROOT; };
		548E126C106DD81100D459F5 /* f4.aif */ = {isa = PBXFileReference; lastKnownFileType = file; name = f4.aif; path = ../bottle/Assets/Sounds/f4.aif; sourceTree = SOURCE_ROOT; };
		548E126D106DD81100D459F5 /* g4.aif */ = {isa = PBXFileReference; lastKnownFileType = file; name = g4.aif; path = ../bottle/Assets/Sounds/g4.aif; sourceTree = SOURCE_ROOT; };
		548E12D3106DFC8000D459F5 /* a4.aif */ = {isa = PBXFileReference; lastKnownFileType = file; name = a4.aif; path = ../bottle/Assets/Sounds/a4.aif; sourceTree = SOURCE_ROOT; };
		548E12D4106DFC8000D459F5 /* b3.aif */ = {isa = PBXFileReference; lastKnownFileType = file; name = b3.aif; path = ../bottle/Assets/Sounds/b3.aif; sourceTree = SOURCE_ROOT; };
		548E12D5106DFC8000D459F5 /* b4.aif */ = {isa = PBXFileReference; lastKnownFileType = file; name = b4.aif; path = ../bottle/Assets/Sounds/b4.aif; sourceTree = SOURCE_ROOT; };
		548E12D6106DFC8000D459F5 /* c3.aif */ = {isa = PBXFileReference; lastKnownFileType = file; name = c3.aif; path = ../bottle/Assets/Sounds/c3.aif; sourceTree = SOURCE_ROOT; };
		548E12D7106DFC8000D459F5 /* d3.aif */ = {isa = PBXFileReference; lastKnownFileType = file; name = d3.aif; path = ../bottle/Assets/Sounds/d3.aif; sourceTree = SOURCE_ROOT; };
		548E12D8106DFC8000D459F5 /* e3.aif */ = {isa = PBXFileReference; lastKnownFileType = file; name = e3.aif; path = ../bottle/Assets/Sounds/e3.aif; sourceTree = SOURCE_ROOT; };
		548E12D9106DFC8000D459F5 /* f3.aif */ = {isa = PBXFileReference; lastKnownFileType = file; name = f3.aif; path = ../bottle/Assets/Sounds/f3.aif; sourceTree = SOURCE_ROOT; };
		548E12DA106DFC8000D459F5 /* g3.aif */ = {isa = PBXFileReference; lastKnownFileType = file; name = g3.aif; path = ../bottle/Assets/Sounds/g3.aif; sourceTree = SOURCE_ROOT; };
		8D1107310486CEB800E47090 /* Bottle-Info.plist */ = {isa = PBXFileReference; fileEncoding = 4; lastKnownFileType = text.plist.xml; path = "Bottle-Info.plist"; plistStructureDefinitionIdentifier = "com.apple.xcode.plist.structure-definition.iphone.info-plist"; sourceTree = "<group>"; };
		B2069CCA10C5476E00F5FAAE /* Icon.png */ = {isa = PBXFileReference; lastKnownFileType = image.png; name = Icon.png; path = Assets/Images/Icon.png; sourceTree = "<group>"; };
		B2069CD110C548EA00F5FAAE /* Default.png */ = {isa = PBXFileReference; lastKnownFileType = image.png; name = Default.png; path = Assets/Images/Default.png; sourceTree = "<group>"; };
		B290CB06106CEBEB0065649E /* StartOrJoinViewController.h */ = {isa = PBXFileReference; fileEncoding = 4; lastKnownFileType = sourcecode.c.h; path = StartOrJoinViewController.h; sourceTree = "<group>"; };
		B290CB07106CEBEB0065649E /* StartOrJoinViewController.m */ = {isa = PBXFileReference; fileEncoding = 4; lastKnownFileType = sourcecode.c.objc; path = StartOrJoinViewController.m; sourceTree = "<group>"; };
		B290CB61106CF0160065649E /* Conductor.h */ = {isa = PBXFileReference; fileEncoding = 4; lastKnownFileType = sourcecode.c.h; path = Conductor.h; sourceTree = "<group>"; };
		B290CB65106CF0300065649E /* ConductorFactory.h */ = {isa = PBXFileReference; fileEncoding = 4; lastKnownFileType = sourcecode.c.h; path = ConductorFactory.h; sourceTree = "<group>"; };
		B290CB66106CF0300065649E /* ConductorFactory.m */ = {isa = PBXFileReference; fileEncoding = 4; lastKnownFileType = sourcecode.c.objc; path = ConductorFactory.m; sourceTree = "<group>"; };
		B290CBA9106CF1D80065649E /* ServerConductor.h */ = {isa = PBXFileReference; fileEncoding = 4; lastKnownFileType = sourcecode.c.h; path = ServerConductor.h; sourceTree = "<group>"; };
		B290CBAA106CF1D80065649E /* ServerConductor.m */ = {isa = PBXFileReference; fileEncoding = 4; lastKnownFileType = sourcecode.c.objc; path = ServerConductor.m; sourceTree = "<group>"; };
		B290CBAC106CF1DF0065649E /* ClientConductor.h */ = {isa = PBXFileReference; fileEncoding = 4; lastKnownFileType = sourcecode.c.h; path = ClientConductor.h; sourceTree = "<group>"; };
		B290CBAD106CF1DF0065649E /* ClientConductor.m */ = {isa = PBXFileReference; fileEncoding = 4; lastKnownFileType = sourcecode.c.objc; path = ClientConductor.m; sourceTree = "<group>"; };
		B290CBEE106CF5970065649E /* GameKit.framework */ = {isa = PBXFileReference; lastKnownFileType = wrapper.framework; name = GameKit.framework; path = System/Library/Frameworks/GameKit.framework; sourceTree = SDKROOT; };
		B290CE02106D0D5D0065649E /* LobbyViewController.h */ = {isa = PBXFileReference; fileEncoding = 4; lastKnownFileType = sourcecode.c.h; path = LobbyViewController.h; sourceTree = "<group>"; };
		B290CE03106D0D5D0065649E /* LobbyViewController.m */ = {isa = PBXFileReference; fileEncoding = 4; lastKnownFileType = sourcecode.c.objc; path = LobbyViewController.m; sourceTree = "<group>"; };
		B290CEAA106D18630065649E /* Song.h */ = {isa = PBXFileReference; fileEncoding = 4; lastKnownFileType = sourcecode.c.h; path = Song.h; sourceTree = "<group>"; };
		B290CEAB106D18630065649E /* Song.m */ = {isa = PBXFileReference; fileEncoding = 4; lastKnownFileType = sourcecode.c.objc; path = Song.m; sourceTree = "<group>"; };
		B290CEB1106D19A40065649E /* Note.h */ = {isa = PBXFileReference; fileEncoding = 4; lastKnownFileType = sourcecode.c.h; path = Note.h; sourceTree = "<group>"; };
		B290CEB2106D19A40065649E /* Note.m */ = {isa = PBXFileReference; fileEncoding = 4; lastKnownFileType = sourcecode.c.objc; path = Note.m; sourceTree = "<group>"; };
		B290D08A106D56CA0065649E /* Jingle Bells.btl */ = {isa = PBXFileReference; fileEncoding = 4; lastKnownFileType = text; path = "Jingle Bells.btl"; sourceTree = "<group>"; };
		B290D1A5106D618B0065649E /* PracticeConductor.h */ = {isa = PBXFileReference; fileEncoding = 4; lastKnownFileType = sourcecode.c.h; path = PracticeConductor.h; sourceTree = "<group>"; };
		B290D1A6106D618B0065649E /* PracticeConductor.m */ = {isa = PBXFileReference; fileEncoding = 4; lastKnownFileType = sourcecode.c.objc; path = PracticeConductor.m; sourceTree = "<group>"; };
		B2BFAC4E106DFB8E004CDE5A /* ThreeTone.btl */ = {isa = PBXFileReference; fileEncoding = 4; lastKnownFileType = text; path = ThreeTone.btl; sourceTree = "<group>"; };
		B2BFACC8106E0774004CDE5A /* UINoteView.h */ = {isa = PBXFileReference; fileEncoding = 4; lastKnownFileType = sourcecode.c.h; path = UINoteView.h; sourceTree = "<group>"; };
		B2BFACC9106E0774004CDE5A /* UINoteView.m */ = {isa = PBXFileReference; fileEncoding = 4; lastKnownFileType = sourcecode.c.objc; path = UINoteView.m; sourceTree = "<group>"; };
		B2BFADA8106E15EF004CDE5A /* Doctor Who.btl */ = {isa = PBXFileReference; fileEncoding = 4; lastKnownFileType = text; path = "Doctor Who.btl"; sourceTree = "<group>"; };
		B2BFAE52106E2333004CDE5A /* DoReMi.btl */ = {isa = PBXFileReference; fileEncoding = 4; lastKnownFileType = text; path = DoReMi.btl; sourceTree = "<group>"; };
		B2C42ECE106D788100A0DB86 /* Command.h */ = {isa = PBXFileReference; fileEncoding = 4; lastKnownFileType = sourcecode.c.h; path = Command.h; sourceTree = "<group>"; };
		B2C42F97106D7DEC00A0DB86 /* PingCommand.h */ = {isa = PBXFileReference; fileEncoding = 4; lastKnownFileType = sourcecode.c.h; path = PingCommand.h; sourceTree = "<group>"; };
		B2C42F98106D7DEC00A0DB86 /* PingCommand.m */ = {isa = PBXFileReference; fileEncoding = 4; lastKnownFileType = sourcecode.c.objc; path = PingCommand.m; sourceTree = "<group>"; };
		B2C42FA1106D7E7C00A0DB86 /* CommandCoder.h */ = {isa = PBXFileReference; fileEncoding = 4; lastKnownFileType = sourcecode.c.h; path = CommandCoder.h; sourceTree = "<group>"; };
		B2C42FA2106D7E7C00A0DB86 /* CommandCoder.m */ = {isa = PBXFileReference; fileEncoding = 4; lastKnownFileType = sourcecode.c.objc; path = CommandCoder.m; sourceTree = "<group>"; };
		B2C430FA106D92A000A0DB86 /* SetSongCommand.h */ = {isa = PBXFileReference; fileEncoding = 4; lastKnownFileType = sourcecode.c.h; path = SetSongCommand.h; sourceTree = "<group>"; };
		B2C430FB106D92A000A0DB86 /* SetSongCommand.m */ = {isa = PBXFileReference; fileEncoding = 4; lastKnownFileType = sourcecode.c.objc; path = SetSongCommand.m; sourceTree = "<group>"; };
		B2C4337F106DB82400A0DB86 /* LobbyUpdateCommand.h */ = {isa = PBXFileReference; fileEncoding = 4; lastKnownFileType = sourcecode.c.h; path = LobbyUpdateCommand.h; sourceTree = "<group>"; };
		B2C43380106DB82400A0DB86 /* LobbyUpdateCommand.m */ = {isa = PBXFileReference; fileEncoding = 4; lastKnownFileType = sourcecode.c.objc; path = LobbyUpdateCommand.m; sourceTree = "<group>"; };
		B2C433F3106DC08000A0DB86 /* TwoTone.btl */ = {isa = PBXFileReference; fileEncoding = 4; lastKnownFileType = text; path = TwoTone.btl; sourceTree = "<group>"; };
		B2C434BD106DCCF600A0DB86 /* GraphicsOverlayViewController.h */ = {isa = PBXFileReference; fileEncoding = 4; lastKnownFileType = sourcecode.c.h; path = GraphicsOverlayViewController.h; sourceTree = "<group>"; };
		B2C434BE106DCCF600A0DB86 /* GraphicsOverlayViewController.m */ = {isa = PBXFileReference; fileEncoding = 4; lastKnownFileType = sourcecode.c.objc; path = GraphicsOverlayViewController.m; sourceTree = "<group>"; };
		B2C434CD106DCDA300A0DB86 /* GraphicsOverlayCommand.h */ = {isa = PBXFileReference; fileEncoding = 4; lastKnownFileType = sourcecode.c.h; path = GraphicsOverlayCommand.h; sourceTree = "<group>"; };
		B2C434CE106DCDA300A0DB86 /* GraphicsOverlayCommand.m */ = {isa = PBXFileReference; fileEncoding = 4; lastKnownFileType = sourcecode.c.objc; path = GraphicsOverlayCommand.m; sourceTree = "<group>"; };
		B2C4368F106DE87D00A0DB86 /* StartPlayCommand.h */ = {isa = PBXFileReference; fileEncoding = 4; lastKnownFileType = sourcecode.c.h; path = StartPlayCommand.h; sourceTree = "<group>"; };
		B2C43690106DE87D00A0DB86 /* StartPlayCommand.m */ = {isa = PBXFileReference; fileEncoding = 4; lastKnownFileType = sourcecode.c.objc; path = StartPlayCommand.m; sourceTree = "<group>"; };
/* End PBXFileReference section */

/* Begin PBXFrameworksBuildPhase section */
		1D60588F0D05DD3D006BFB54 /* Frameworks */ = {
			isa = PBXFrameworksBuildPhase;
			buildActionMask = 2147483647;
			files = (
				1D60589F0D05DD5A006BFB54 /* Foundation.framework in Frameworks */,
				1DF5F4E00D08C38300B7A737 /* UIKit.framework in Frameworks */,
				288765FD0DF74451002DB57D /* CoreGraphics.framework in Frameworks */,
				B290CBEF106CF5970065649E /* GameKit.framework in Frameworks */,
				548E0FB1106CFCC400D459F5 /* AudioToolbox.framework in Frameworks */,
				548E102F106D1D3B00D459F5 /* AVFoundation.framework in Frameworks */,
			);
			runOnlyForDeploymentPostprocessing = 0;
		};
/* End PBXFrameworksBuildPhase section */

/* Begin PBXGroup section */
		080E96DDFE201D6D7F000001 /* Classes */ = {
			isa = PBXGroup;
			children = (
				B2BFACC7106E075B004CDE5A /* View */,
				B290CEA9106D18300065649E /* Song */,
				B290CB00106CEBB90065649E /* Controllers */,
				B290CAFB106CEB3D0065649E /* Conductor */,
				1D3623240D0F684500981E51 /* BottleAppDelegate.h */,
				1D3623250D0F684500981E51 /* BottleAppDelegate.m */,
			);
			path = Classes;
			sourceTree = "<group>";
		};
		19C28FACFE9D520D11CA2CBB /* Products */ = {
			isa = PBXGroup;
			children = (
				1D6058910D05DD3D006BFB54 /* Bottle.app */,
			);
			name = Products;
			sourceTree = "<group>";
		};
		29B97314FDCFA39411CA2CEA /* CustomTemplate */ = {
			isa = PBXGroup;
			children = (
				548E1098106D2DE900D459F5 /* bottle_loop.aif */,
				548E0FB4106CFDC300D459F5 /* Libraries */,
				080E96DDFE201D6D7F000001 /* Classes */,
				29B97315FDCFA39411CA2CEA /* Other Sources */,
				29B97317FDCFA39411CA2CEA /* Resources */,
				29B97323FDCFA39411CA2CEA /* Frameworks */,
				19C28FACFE9D520D11CA2CBB /* Products */,
			);
			name = CustomTemplate;
			sourceTree = "<group>";
		};
		29B97315FDCFA39411CA2CEA /* Other Sources */ = {
			isa = PBXGroup;
			children = (
				32CA4F630368D1EE00C91783 /* Bottle_Prefix.pch */,
				29B97316FDCFA39411CA2CEA /* main.m */,
			);
			name = "Other Sources";
			sourceTree = "<group>";
		};
		29B97317FDCFA39411CA2CEA /* Resources */ = {
			isa = PBXGroup;
			children = (
				B2069CD110C548EA00F5FAAE /* Default.png */,
				B2069CCA10C5476E00F5FAAE /* Icon.png */,
				548E1265106DD7B000D459F5 /* Sounds */,
				548E11AB106DAA7200D459F5 /* Images */,
				B290D089106D56B00065649E /* Songs */,
				28AD733E0D9D9553002E5188 /* MainWindow.xib */,
				8D1107310486CEB800E47090 /* Bottle-Info.plist */,
			);
			name = Resources;
			sourceTree = "<group>";
		};
		29B97323FDCFA39411CA2CEA /* Frameworks */ = {
			isa = PBXGroup;
			children = (
				548E102E106D1D3B00D459F5 /* AVFoundation.framework */,
				B290CBEE106CF5970065649E /* GameKit.framework */,
				1DF5F4DF0D08C38300B7A737 /* UIKit.framework */,
				1D30AB110D05D00D00671497 /* Foundation.framework */,
				288765FC0DF74451002DB57D /* CoreGraphics.framework */,
				548E0FB0106CFCC400D459F5 /* AudioToolbox.framework */,
			);
			name = Frameworks;
			sourceTree = "<group>";
		};
		548E0FB4106CFDC300D459F5 /* Libraries */ = {
			isa = PBXGroup;
			children = (
				548E0FB5106CFDCF00D459F5 /* SCListener */,
			);
			name = Libraries;
			sourceTree = "<group>";
		};
		548E0FB5106CFDCF00D459F5 /* SCListener */ = {
			isa = PBXGroup;
			children = (
				548E0FB6106CFDE800D459F5 /* SCListener.h */,
				548E0FB7106CFDE800D459F5 /* SCListener.m */,
			);
			name = SCListener;
			sourceTree = "<group>";
		};
		548E11AB106DAA7200D459F5 /* Images */ = {
			isa = PBXGroup;
			children = (
				548E11AD106DAA8100D459F5 /* Bottles */,
				548E11AC106DAA7900D459F5 /* Fillings */,
			);
			name = Images;
			sourceTree = "<group>";
		};
		548E11AC106DAA7900D459F5 /* Fillings */ = {
			isa = PBXGroup;
			children = (
				548E11C2106DAAB900D459F5 /* filling1.png */,
				548E11C3106DAAB900D459F5 /* filling2.png */,
				548E11C4106DAAB900D459F5 /* filling3.png */,
				548E11C5106DAAB900D459F5 /* filling4.png */,
				548E11C6106DAAB900D459F5 /* filling5.png */,
				548E11C7106DAAB900D459F5 /* filling6.png */,
				548E11C8106DAAB900D459F5 /* filling7.png */,
				548E11C9106DAAB900D459F5 /* filling8.png */,
			);
			name = Fillings;
			sourceTree = "<group>";
		};
		548E11AD106DAA8100D459F5 /* Bottles */ = {
			isa = PBXGroup;
			children = (
				548E11AE106DAA9E00D459F5 /* bottle1.png */,
				548E11AF106DAA9E00D459F5 /* bottle2.png */,
				548E11B0106DAA9E00D459F5 /* bottle3.png */,
				548E11B1106DAA9E00D459F5 /* bottle4.png */,
				548E11B2106DAA9E00D459F5 /* bottle5.png */,
				548E11B3106DAA9E00D459F5 /* bottle6.png */,
				548E11B4106DAA9E00D459F5 /* bottle7.png */,
				548E11B5106DAA9E00D459F5 /* bottle8.png */,
				548E11B6106DAA9E00D459F5 /* bottle9.png */,
				548E11B7106DAA9E00D459F5 /* bottle10.png */,
			);
			name = Bottles;
			sourceTree = "<group>";
		};
		548E1265106DD7B000D459F5 /* Sounds */ = {
			isa = PBXGroup;
			children = (
				548E12D3106DFC8000D459F5 /* a4.aif */,
				548E12D4106DFC8000D459F5 /* b3.aif */,
				548E12D5106DFC8000D459F5 /* b4.aif */,
				548E12D6106DFC8000D459F5 /* c3.aif */,
				548E12D7106DFC8000D459F5 /* d3.aif */,
				548E12D8106DFC8000D459F5 /* e3.aif */,
				548E12D9106DFC8000D459F5 /* f3.aif */,
				548E12DA106DFC8000D459F5 /* g3.aif */,
				548E1266106DD81100D459F5 /* a5.aif */,
				548E1267106DD81100D459F5 /* b5.aif */,
				548E1268106DD81100D459F5 /* c4.aif */,
				548E1269106DD81100D459F5 /* c5.aif */,
				548E126A106DD81100D459F5 /* d4.aif */,
				548E126B106DD81100D459F5 /* e4.aif */,
				548E126C106DD81100D459F5 /* f4.aif */,
				548E126D106DD81100D459F5 /* g4.aif */,
			);
			name = Sounds;
			sourceTree = "<group>";
		};
		B290CAFB106CEB3D0065649E /* Conductor */ = {
			isa = PBXGroup;
			children = (
				B2C42ED8106D78DD00A0DB86 /* Command */,
				B290D1A4106D61660065649E /* Practice */,
				B290CBA5106CF17C0065649E /* Client */,
				B290CBA4106CF1780065649E /* Server */,
				B290CB61106CF0160065649E /* Conductor.h */,
				B290CB65106CF0300065649E /* ConductorFactory.h */,
				B290CB66106CF0300065649E /* ConductorFactory.m */,
			);
			path = Conductor;
			sourceTree = "<group>";
		};
		B290CB00106CEBB90065649E /* Controllers */ = {
			isa = PBXGroup;
			children = (
				548E0F79106CF01900D459F5 /* PlayViewController.h */,
				548E0F7A106CF01900D459F5 /* PlayViewController.m */,
				B290CB06106CEBEB0065649E /* StartOrJoinViewController.h */,
				B290CB07106CEBEB0065649E /* StartOrJoinViewController.m */,
				B290CE02106D0D5D0065649E /* LobbyViewController.h */,
				B290CE03106D0D5D0065649E /* LobbyViewController.m */,
				B2C434BD106DCCF600A0DB86 /* GraphicsOverlayViewController.h */,
				B2C434BE106DCCF600A0DB86 /* GraphicsOverlayViewController.m */,
			);
			path = Controllers;
			sourceTree = "<group>";
		};
		B290CBA4106CF1780065649E /* Server */ = {
			isa = PBXGroup;
			children = (
				B290CBA9106CF1D80065649E /* ServerConductor.h */,
				B290CBAA106CF1D80065649E /* ServerConductor.m */,
			);
			path = Server;
			sourceTree = "<group>";
		};
		B290CBA5106CF17C0065649E /* Client */ = {
			isa = PBXGroup;
			children = (
				B290CBAC106CF1DF0065649E /* ClientConductor.h */,
				B290CBAD106CF1DF0065649E /* ClientConductor.m */,
			);
			path = Client;
			sourceTree = "<group>";
		};
		B290CEA9106D18300065649E /* Song */ = {
			isa = PBXGroup;
			children = (
				B290CEAA106D18630065649E /* Song.h */,
				B290CEAB106D18630065649E /* Song.m */,
				B290CEB1106D19A40065649E /* Note.h */,
				B290CEB2106D19A40065649E /* Note.m */,
			);
			path = Song;
			sourceTree = "<group>";
		};
		B290D089106D56B00065649E /* Songs */ = {
			isa = PBXGroup;
			children = (
				B2BFAE52106E2333004CDE5A /* DoReMi.btl */,
				B2BFADA8106E15EF004CDE5A /* Doctor Who.btl */,
				B290D08A106D56CA0065649E /* Jingle Bells.btl */,
				B2C433F3106DC08000A0DB86 /* TwoTone.btl */,
				B2BFAC4E106DFB8E004CDE5A /* ThreeTone.btl */,
			);
			name = Songs;
			path = Assets/Songs;
			sourceTree = "<group>";
		};
		B290D1A4106D61660065649E /* Practice */ = {
			isa = PBXGroup;
			children = (
				B290D1A5106D618B0065649E /* PracticeConductor.h */,
				B290D1A6106D618B0065649E /* PracticeConductor.m */,
			);
			path = Practice;
			sourceTree = "<group>";
		};
		B2BFACC7106E075B004CDE5A /* View */ = {
			isa = PBXGroup;
			children = (
				B2BFACC8106E0774004CDE5A /* UINoteView.h */,
				B2BFACC9106E0774004CDE5A /* UINoteView.m */,
			);
			path = View;
			sourceTree = "<group>";
		};
		B2C42ED8106D78DD00A0DB86 /* Command */ = {
			isa = PBXGroup;
			children = (
				544A7D7310C6B06F00ADE6FB /* Status.h */,
				544A7D6A10C6AFC700ADE6FB /* StatusCommand.m */,
				544A7D6B10C6AFC700ADE6FB /* StatusCommand.h */,
				544A7D4F10C6AD6800ADE6FB /* BecomeClientCommand.m */,
				544A7D5010C6AD6800ADE6FB /* BecomeClientCommand.h */,
				B2C42ECE106D788100A0DB86 /* Command.h */,
				B2C42F97106D7DEC00A0DB86 /* PingCommand.h */,
				B2C42F98106D7DEC00A0DB86 /* PingCommand.m */,
				B2C430FA106D92A000A0DB86 /* SetSongCommand.h */,
				B2C430FB106D92A000A0DB86 /* SetSongCommand.m */,
				B2C42FA1106D7E7C00A0DB86 /* CommandCoder.h */,
				B2C42FA2106D7E7C00A0DB86 /* CommandCoder.m */,
				B2C4337F106DB82400A0DB86 /* LobbyUpdateCommand.h */,
				B2C43380106DB82400A0DB86 /* LobbyUpdateCommand.m */,
				B2C434CD106DCDA300A0DB86 /* GraphicsOverlayCommand.h */,
				B2C434CE106DCDA300A0DB86 /* GraphicsOverlayCommand.m */,
				B2C4368F106DE87D00A0DB86 /* StartPlayCommand.h */,
				B2C43690106DE87D00A0DB86 /* StartPlayCommand.m */,
			);
			path = Command;
			sourceTree = "<group>";
		};
/* End PBXGroup section */

/* Begin PBXNativeTarget section */
		1D6058900D05DD3D006BFB54 /* Bottle */ = {
			isa = PBXNativeTarget;
			buildConfigurationList = 1D6058960D05DD3E006BFB54 /* Build configuration list for PBXNativeTarget "Bottle" */;
			buildPhases = (
				1D60588D0D05DD3D006BFB54 /* Resources */,
				1D60588E0D05DD3D006BFB54 /* Sources */,
				1D60588F0D05DD3D006BFB54 /* Frameworks */,
			);
			buildRules = (
			);
			dependencies = (
			);
			name = Bottle;
			productName = Bottle;
			productReference = 1D6058910D05DD3D006BFB54 /* Bottle.app */;
			productType = "com.apple.product-type.application";
		};
/* End PBXNativeTarget section */

/* Begin PBXProject section */
		29B97313FDCFA39411CA2CEA /* Project object */ = {
			isa = PBXProject;
			buildConfigurationList = C01FCF4E08A954540054247B /* Build configuration list for PBXProject "Bottle" */;
			compatibilityVersion = "Xcode 3.1";
			hasScannedForEncodings = 1;
			mainGroup = 29B97314FDCFA39411CA2CEA /* CustomTemplate */;
			projectDirPath = "";
			projectRoot = "";
			targets = (
				1D6058900D05DD3D006BFB54 /* Bottle */,
			);
		};
/* End PBXProject section */

/* Begin PBXResourcesBuildPhase section */
		1D60588D0D05DD3D006BFB54 /* Resources */ = {
			isa = PBXResourcesBuildPhase;
			buildActionMask = 2147483647;
			files = (
				B2BFAC4F106DFC49004CDE5A /* ThreeTone.btl in Resources */,
				B2C433FA106DC0F600A0DB86 /* TwoTone.btl in Resources */,
				28AD733F0D9D9553002E5188 /* MainWindow.xib in Resources */,
				548E1099106D2DE900D459F5 /* bottle_loop.aif in Resources */,
				B290D08B106D56CA0065649E /* Jingle Bells.btl in Resources */,
				548E11B8106DAA9E00D459F5 /* bottle1.png in Resources */,
				548E11B9106DAA9E00D459F5 /* bottle2.png in Resources */,
				548E11BA106DAA9E00D459F5 /* bottle3.png in Resources */,
				548E11BB106DAA9E00D459F5 /* bottle4.png in Resources */,
				548E11BC106DAA9E00D459F5 /* bottle5.png in Resources */,
				548E11BD106DAA9E00D459F5 /* bottle6.png in Resources */,
				548E11BE106DAA9E00D459F5 /* bottle7.png in Resources */,
				548E11BF106DAA9E00D459F5 /* bottle8.png in Resources */,
				548E11C0106DAA9E00D459F5 /* bottle9.png in Resources */,
				548E11C1106DAA9E00D459F5 /* bottle10.png in Resources */,
				548E11CA106DAAB900D459F5 /* filling1.png in Resources */,
				548E11CB106DAAB900D459F5 /* filling2.png in Resources */,
				548E11CC106DAAB900D459F5 /* filling3.png in Resources */,
				548E11CD106DAAB900D459F5 /* filling4.png in Resources */,
				548E11CE106DAAB900D459F5 /* filling5.png in Resources */,
				548E11CF106DAAB900D459F5 /* filling6.png in Resources */,
				548E11D0106DAAB900D459F5 /* filling7.png in Resources */,
				548E11D1106DAAB900D459F5 /* filling8.png in Resources */,
				548E126E106DD81100D459F5 /* a5.aif in Resources */,
				548E126F106DD81100D459F5 /* b5.aif in Resources */,
				548E1270106DD81100D459F5 /* c4.aif in Resources */,
				548E1271106DD81100D459F5 /* c5.aif in Resources */,
				548E1272106DD81100D459F5 /* d4.aif in Resources */,
				548E1273106DD81100D459F5 /* e4.aif in Resources */,
				548E1274106DD81100D459F5 /* f4.aif in Resources */,
				548E1275106DD81100D459F5 /* g4.aif in Resources */,
				548E12DB106DFC8000D459F5 /* a4.aif in Resources */,
				548E12DC106DFC8000D459F5 /* b3.aif in Resources */,
				548E12DD106DFC8000D459F5 /* b4.aif in Resources */,
				548E12DE106DFC8000D459F5 /* c3.aif in Resources */,
				548E12DF106DFC8000D459F5 /* d3.aif in Resources */,
				548E12E0106DFC8000D459F5 /* e3.aif in Resources */,
				548E12E1106DFC8000D459F5 /* f3.aif in Resources */,
				548E12E2106DFC8000D459F5 /* g3.aif in Resources */,
				B2BFADA9106E15EF004CDE5A /* Doctor Who.btl in Resources */,
				B2BFAE53106E2333004CDE5A /* DoReMi.btl in Resources */,
				B2069CCB10C5476E00F5FAAE /* Icon.png in Resources */,
				B2069CD210C548EA00F5FAAE /* Default.png in Resources */,
			);
			runOnlyForDeploymentPostprocessing = 0;
		};
/* End PBXResourcesBuildPhase section */

/* Begin PBXSourcesBuildPhase section */
		1D60588E0D05DD3D006BFB54 /* Sources */ = {
			isa = PBXSourcesBuildPhase;
			buildActionMask = 2147483647;
			files = (
				1D60589B0D05DD56006BFB54 /* main.m in Sources */,
				1D3623260D0F684500981E51 /* BottleAppDelegate.m in Sources */,
				B290CB08106CEBEB0065649E /* StartOrJoinViewController.m in Sources */,
				B290CB67106CF0300065649E /* ConductorFactory.m in Sources */,
				B290CBAB106CF1D80065649E /* ServerConductor.m in Sources */,
				B290CBAE106CF1DF0065649E /* ClientConductor.m in Sources */,
				B290CE04106D0D5D0065649E /* LobbyViewController.m in Sources */,
				B290CEAC106D18630065649E /* Song.m in Sources */,
				B290CEB3106D19A40065649E /* Note.m in Sources */,
				548E0F7B106CF01900D459F5 /* PlayViewController.m in Sources */,
				548E0FB8106CFDE800D459F5 /* SCListener.m in Sources */,
				B290D1A7106D618B0065649E /* PracticeConductor.m in Sources */,
				B2C42F99106D7DEC00A0DB86 /* PingCommand.m in Sources */,
				B2C42FA3106D7E7C00A0DB86 /* CommandCoder.m in Sources */,
				B2C430FC106D92A000A0DB86 /* SetSongCommand.m in Sources */,
				B2C43381106DB82400A0DB86 /* LobbyUpdateCommand.m in Sources */,
				B2C434BF106DCCF600A0DB86 /* GraphicsOverlayViewController.m in Sources */,
				B2C434CF106DCDA300A0DB86 /* GraphicsOverlayCommand.m in Sources */,
				B2C43691106DE87D00A0DB86 /* StartPlayCommand.m in Sources */,
				B2BFACCA106E0774004CDE5A /* UINoteView.m in Sources */,
				544A7D5110C6AD6800ADE6FB /* BecomeClientCommand.m in Sources */,
				544A7D6C10C6AFC700ADE6FB /* StatusCommand.m in Sources */,
			);
			runOnlyForDeploymentPostprocessing = 0;
		};
/* End PBXSourcesBuildPhase section */

/* Begin XCBuildConfiguration section */
		1D6058940D05DD3E006BFB54 /* Debug */ = {
			isa = XCBuildConfiguration;
			buildSettings = {
				ALWAYS_SEARCH_USER_PATHS = NO;
				COPY_PHASE_STRIP = NO;
				GCC_DYNAMIC_NO_PIC = NO;
				GCC_OPTIMIZATION_LEVEL = 0;
				GCC_PRECOMPILE_PREFIX_HEADER = YES;
				GCC_PREFIX_HEADER = Bottle_Prefix.pch;
				INFOPLIST_FILE = "Bottle-Info.plist";
				PRODUCT_NAME = Bottle;
			};
			name = Debug;
		};
		1D6058950D05DD3E006BFB54 /* Release */ = {
			isa = XCBuildConfiguration;
			buildSettings = {
				ALWAYS_SEARCH_USER_PATHS = NO;
				COPY_PHASE_STRIP = YES;
				GCC_PRECOMPILE_PREFIX_HEADER = YES;
				GCC_PREFIX_HEADER = Bottle_Prefix.pch;
				INFOPLIST_FILE = "Bottle-Info.plist";
				PRODUCT_NAME = Bottle;
			};
			name = Release;
		};
		C01FCF4F08A954540054247B /* Debug */ = {
			isa = XCBuildConfiguration;
			buildSettings = {
				ARCHS = "$(ARCHS_STANDARD_32_BIT)";
				"CODE_SIGN_IDENTITY[sdk=iphoneos*]" = "iPhone Developer";
				GCC_C_LANGUAGE_STANDARD = c99;
				GCC_WARN_ABOUT_RETURN_TYPE = YES;
				GCC_WARN_UNUSED_VARIABLE = YES;
				IPHONEOS_DEPLOYMENT_TARGET = 3.0;
				PREBINDING = NO;
				RUN_CLANG_STATIC_ANALYZER = YES;
				SDKROOT = iphoneos3.1.2;
			};
			name = Debug;
		};
		C01FCF5008A954540054247B /* Release */ = {
			isa = XCBuildConfiguration;
			buildSettings = {
				ARCHS = "$(ARCHS_STANDARD_32_BIT)";
				"CODE_SIGN_IDENTITY[sdk=iphoneos*]" = "iPhone Developer";
				GCC_C_LANGUAGE_STANDARD = c99;
				GCC_WARN_ABOUT_RETURN_TYPE = YES;
				GCC_WARN_UNUSED_VARIABLE = YES;
				IPHONEOS_DEPLOYMENT_TARGET = 3.0;
				PREBINDING = NO;
				SDKROOT = iphoneos3.1.2;
			};
			name = Release;
		};
/* End XCBuildConfiguration section */

/* Begin XCConfigurationList section */
		1D6058960D05DD3E006BFB54 /* Build configuration list for PBXNativeTarget "Bottle" */ = {
			isa = XCConfigurationList;
			buildConfigurations = (
				1D6058940D05DD3E006BFB54 /* Debug */,
				1D6058950D05DD3E006BFB54 /* Release */,
			);
			defaultConfigurationIsVisible = 0;
			defaultConfigurationName = Release;
		};
		C01FCF4E08A954540054247B /* Build configuration list for PBXProject "Bottle" */ = {
			isa = XCConfigurationList;
			buildConfigurations = (
				C01FCF4F08A954540054247B /* Debug */,
				C01FCF5008A954540054247B /* Release */,
			);
			defaultConfigurationIsVisible = 0;
			defaultConfigurationName = Release;
		};
/* End XCConfigurationList section */
	};
	rootObject = 29B97313FDCFA39411CA2CEA /* Project object */;
}
